
Microsoft Visual Studio Solution File, Format Version 12.00
# Visual Studio Version 17
VisualStudioVersion = 17.1.32210.238
MinimumVisualStudioVersion = 10.0.40219.1
Project("{FAE04EC0-301F-11D3-BF4B-00C04F79EFBC}") = "website.mvc", "website.mvc.csproj", "{0AD61361-94FA-402A-971D-A26CFE6B9562}"
EndProject
Global
	GlobalSection(SolutionConfigurationPlatforms) = preSolution
		Debug|Any CPU = Debug|Any CPU
		Release|Any CPU = Release|Any CPU
	EndGlobalSection
	GlobalSection(ProjectConfigurationPlatforms) = postSolution
		{0AD61361-94FA-402A-971D-A26CFE6B9562}.Debug|Any CPU.ActiveCfg = Debug|Any CPU
		{0AD61361-94FA-402A-971D-A26CFE6B9562}.Debug|Any CPU.Build.0 = Debug|Any CPU
		{0AD61361-94FA-402A-971D-A26CFE6B9562}.Release|Any CPU.ActiveCfg = Release|Any CPU
		{0AD61361-94FA-402A-971D-A26CFE6B9562}.Release|Any CPU.Build.0 = Release|Any CPU
	EndGlobalSection
	GlobalSection(SolutionProperties) = preSolution
		HideSolutionNode = FALSE
	EndGlobalSection
	GlobalSection(ExtensibilityGlobals) = postSolution
		SolutionGuid = {CE2F7698-F585-4EE3-84E8-E01213FDDB79}
	EndGlobalSection
EndGlobal
